
Microsoft Visual Studio Solution File, Format Version 11.00
# Visual Studio 2010
Project("{FAE04EC0-301F-11D3-BF4B-00C04F79EFBC}") = "SilverlightRun", "SilverlightRun\SilverlightRun.csproj", "{3019DD4F-2E5D-49CF-AD8A-E311C781127A}"
EndProject
Project("{FAE04EC0-301F-11D3-BF4B-00C04F79EFBC}") = "SilverlightRunSample", "SilverlightRunSample\SilverlightRunSample.csproj", "{B3505639-B944-4B73-BC9A-2271DB543D3D}"
EndProject
Global
	GlobalSection(TeamFoundationVersionControl) = preSolution
		SccNumberOfProjects = 3
		SccEnterpriseProvider = {4CA58AB2-18FA-4F8D-95D4-32DDF27D184C}
		SccTeamFoundationServer = http://win-6mfllenrl8c:8080/tfs/defaultcollection
		SccLocalPath0 = .
		SccProjectUniqueName1 = SilverlightRun\\SilverlightRun.csproj
		SccProjectName1 = SilverlightRun
		SccLocalPath1 = SilverlightRun
		SccProjectUniqueName2 = SilverlightRunSample\\SilverlightRunSample.csproj
		SccProjectName2 = SilverlightRunSample
		SccLocalPath2 = SilverlightRunSample
	EndGlobalSection
	GlobalSection(SolutionConfigurationPlatforms) = preSolution
		Debug|Any CPU = Debug|Any CPU
		Release|Any CPU = Release|Any CPU
	EndGlobalSection
	GlobalSection(ProjectConfigurationPlatforms) = postSolution
		{3019DD4F-2E5D-49CF-AD8A-E311C781127A}.Debug|Any CPU.ActiveCfg = Debug|Any CPU
		{3019DD4F-2E5D-49CF-AD8A-E311C781127A}.Debug|Any CPU.Build.0 = Debug|Any CPU
		{3019DD4F-2E5D-49CF-AD8A-E311C781127A}.Release|Any CPU.ActiveCfg = Release|Any CPU
		{3019DD4F-2E5D-49CF-AD8A-E311C781127A}.Release|Any CPU.Build.0 = Release|Any CPU
		{B3505639-B944-4B73-BC9A-2271DB543D3D}.Debug|Any CPU.ActiveCfg = Debug|Any CPU
		{B3505639-B944-4B73-BC9A-2271DB543D3D}.Debug|Any CPU.Build.0 = Debug|Any CPU
		{B3505639-B944-4B73-BC9A-2271DB543D3D}.Debug|Any CPU.Deploy.0 = Debug|Any CPU
		{B3505639-B944-4B73-BC9A-2271DB543D3D}.Release|Any CPU.ActiveCfg = Release|Any CPU
		{B3505639-B944-4B73-BC9A-2271DB543D3D}.Release|Any CPU.Build.0 = Release|Any CPU
		{B3505639-B944-4B73-BC9A-2271DB543D3D}.Release|Any CPU.Deploy.0 = Release|Any CPU
	EndGlobalSection
	GlobalSection(SolutionProperties) = preSolution
		HideSolutionNode = FALSE
	EndGlobalSection
EndGlobal
